// !$*UTF8*$!
{
	archiveVersion = 1;
	classes = {
	};
	objectVersion = 46;
	objects = {

/* Begin PBXGroup section */
		60E7B5D31BED35BA00BC15C1 = {
			isa = PBXGroup;
			children = (
			);
			sourceTree = "<group>";
		};
/* End PBXGroup section */

/* Begin PBXProject section */
		60E7B5D41BED35BA00BC15C1 /* Project object */ = {
			isa = PBXProject;
			attributes = {
				LastUpgradeCheck = 0700;
			};
			buildConfigurationList = 60E7B5D71BED35BA00BC15C1 /* Build configuration list for PBXProject "robockey" */;
			compatibilityVersion = "Xcode 3.2";
			developmentRegion = English;
			hasScannedForEncodings = 0;
			knownRegions = (
				en,
			);
			mainGroup = 60E7B5D31BED35BA00BC15C1;
			projectDirPath = "";
			projectRoot = "";
			targets = (
			);
		};
/* End PBXProject section */

/* Begin XCBuildConfiguration section */
		60E7B5D81BED35BA00BC15C1 /* Debug */ = {
			isa = XCBuildConfiguration;
			buildSettings = {
			};
			name = Debug;
		};
		60E7B5D91BED35BA00BC15C1 /* Release */ = {
			isa = XCBuildConfiguration;
			buildSettings = {
			};
			name = Release;
		};
/* End XCBuildConfiguration section */

/* Begin XCConfigurationList section */
		60E7B5D71BED35BA00BC15C1 /* Build configuration list for PBXProject "robockey" */ = {
			isa = XCConfigurationList;
			buildConfigurations = (
				60E7B5D81BED35BA00BC15C1 /* Debug */,
				60E7B5D91BED35BA00BC15C1 /* Release */,
			);
			defaultConfigurationIsVisible = 0;
			defaultConfigurationName = Release;
		};
/* End XCConfigurationList section */
	};
	rootObject = 60E7B5D41BED35BA00BC15C1 /* Project object */;
}
